github.com/codetesla51/golexer v0.3.1 h1:NcsTmrmobnDikOxvUqStMDOD4cCaGLBil6slnfZfjDc=
github.com/codetesla51/golexer v0.3.1/go.mod h1:eLvz1TPxBJ4awULWAwILCMVPbAYALHj1J9NlVxaGwdU=
github.com/codetesla51/golexer v0.4.0 h1:CAboDObmj54IXmrK1UR8Ha14W2N79hA6s8E/EqNVquQ=
github.com/codetesla51/golexer v0.4.0/go.mod h1:eLvz1TPxBJ4awULWAwILCMVPbAYALHj1J9NlVxaGwdU=
github.com/codetesla51/golexer v1.1.1 h1:tpnc3xb/BUARr5+hFNlMb9BcX+DfHzDdpCT16aaL8j4=
github.com/codetesla51/golexer v1.1.1/go.mod h1:eLvz1TPxBJ4awULWAwILCMVPbAYALHj1J9NlVxaGwdU=
github.com/codetesla51/golexer v1.1.2 h1:KsL+hrbslwL07nExuvhkSf1MYqY3lviONiVoYXkDv0Y=
github.com/codetesla51/golexer v1.1.2/go.mod h1:eLvz1TPxBJ4awULWAwILCMVPbAYALHj1J9NlVxaGwdU=
github.com/codetesla51/golexer v1.3.0 h1:TFwfp/zZ8I/VKJDSxe1Ny76G0KuR0PDccdw3gSq0GDI=
github.com/codetesla51/golexer v1.3.0/go.mod h1:eLvz1TPxBJ4awULWAwILCMVPbAYALHj1J9NlVxaGwdU=
