github.com/codetesla51/golexer v1.0.7 h1:xn7keqMqg9Gh7aU/861y/Rym7MR5LoAMDxIwwiWYR74=
github.com/codetesla51/golexer v1.0.7/go.mod h1:eLvz1TPxBJ4awULWAwILCMVPbAYALHj1J9NlVxaGwdU=
github.com/codetesla51/golexer v1.0.8 h1:lWoUFGzSnlqCEOsTNTfGrd8X3wxaDuHPYIPD5qKLdd0=
github.com/codetesla51/golexer v1.0.8/go.mod h1:eLvz1TPxBJ4awULWAwILCMVPbAYALHj1J9NlVxaGwdU=
github.com/codetesla51/golexer v1.0.9 h1:TZxnWFTvDeOeD8x1samAnJ/M1D6PITcdjzvafSif2AM=
github.com/codetesla51/golexer v1.0.9/go.mod h1:eLvz1TPxBJ4awULWAwILCMVPbAYALHj1J9NlVxaGwdU=
