github.com/codetesla51/golexer v1.0.3 h1:JvD3X/D1JLbBYGTA0WpODErC5cdoObIAsRkz5Qsc6Z4=
github.com/codetesla51/golexer v1.0.3/go.mod h1:eLvz1TPxBJ4awULWAwILCMVPbAYALHj1J9NlVxaGwdU=
github.com/codetesla51/golexer v1.0.4 h1:Lm/8CVNuaeG1zsNi5P8BUky/f5xagKbtyx4Ch+iUMjQ=
github.com/codetesla51/golexer v1.0.4/go.mod h1:eLvz1TPxBJ4awULWAwILCMVPbAYALHj1J9NlVxaGwdU=
